<?xml version="1.0" encoding="utf-8"?>
<Project ToolsVersion="4.0" xmlns="http://schemas.microsoft.com/developer/msbuild/2003">
  <ItemGroup>
    <Filter Include="Win32">
      <UniqueIdentifier>{4bf5a1fd-d39d-4019-b91f-62dbd82175bf}</UniqueIdentifier>
    </Filter>
    <Filter Include="Win32\include">
      <UniqueIdentifier>{33475d3c-a69c-4572-b554-2f9c57c7a360}</UniqueIdentifier>
    </Filter>
    <Filter Include="Win32\source">
      <UniqueIdentifier>{08b745d8-7794-45d5-91df-7202742709b2}</UniqueIdentifier>
    </Filter>
    <Filter Include="Input">
      <UniqueIdentifier>{f312f130-fbed-4fd1-9728-8dfb956af9ec}</UniqueIdentifier>
    </Filter>
    <Filter Include="Input\include">
      <UniqueIdentifier>{aada6ce4-8710-4491-a956-fc2c28323779}</UniqueIdentifier>
    </Filter>
    <Filter Include="Input\source">
      <UniqueIdentifier>{7ac49b5e-c272-4e94-90b6-6cc51558abec}</UniqueIdentifier>
    </Filter>
    <Filter Include="Resources">
      <UniqueIdentifier>{9931726f-933d-4153-b8c9-9dcde4638e94}</UniqueIdentifier>
    </Filter>
    <Filter Include="Graphics">
      <UniqueIdentifier>{7ffa6a9b-f830-4ef1-947a-3b4b32ebb8b7}</UniqueIdentifier>
    </Filter>
    <Filter Include="Graphics\include">
      <UniqueIdentifier>{f30ff6dc-50bb-4ddd-87ca-cbad87c1c664}</UniqueIdentifier>
    </Filter>
    <Filter Include="Graphics\source">
      <UniqueIdentifier>{46ab8b6e-ad90-4063-9047-0d5c3fa0144c}</UniqueIdentifier>
    </Filter>
    <Filter Include="App">
      <UniqueIdentifier>{75a7136e-ac65-4eab-8d8f-a2e807e5dce0}</UniqueIdentifier>
    </Filter>
    <Filter Include="App\include">
      <UniqueIdentifier>{a0666dd8-e6cb-4e9f-b363-88f79973cf9e}</UniqueIdentifier>
    </Filter>
    <Filter Include="App\source">
      <UniqueIdentifier>{e6e33eaf-8f1e-48dd-91ce-d0d96488d16e}</UniqueIdentifier>
    </Filter>
  </ItemGroup>
  <ItemGroup>
    <ClCompile Include="win32_main.cpp">
      <Filter>Win32\source</Filter>
    </ClCompile>
    <ClCompile Include="demo.cpp">
      <Filter>App\source</Filter>
    </ClCompile>
    <ClCompile Include="win32_window.cpp">
      <Filter>Win32\source</Filter>
    </ClCompile>
    <ClCompile Include="graphics.cpp">
      <Filter>Graphics\source</Filter>
    </ClCompile>
    <ClCompile Include="win32_graphics.cpp">
      <Filter>Win32\source</Filter>
    </ClCompile>
    <ClCompile Include="app.cpp">
      <Filter>App\source</Filter>
    </ClCompile>
    <ClCompile Include="keyboard.cpp">
      <Filter>Input\source</Filter>
    </ClCompile>
    <ClCompile Include="mouse.cpp">
      <Filter>Input\source</Filter>
    </ClCompile>
  </ItemGroup>
  <ItemGroup>
    <ClInclude Include="types.h" />
    <ClInclude Include="resource.h">
      <Filter>Resources</Filter>
    </ClInclude>
    <ClInclude Include="demo.h">
      <Filter>App\include</Filter>
    </ClInclude>
    <ClInclude Include="win32_performance.h">
      <Filter>Win32\include</Filter>
    </ClInclude>
    <ClInclude Include="win32_window.h">
      <Filter>Win32\include</Filter>
    </ClInclude>
    <ClInclude Include="win32_graphics.h">
      <Filter>Win32\include</Filter>
    </ClInclude>
    <ClInclude Include="graphics.h">
      <Filter>Graphics\include</Filter>
    </ClInclude>
    <ClInclude Include="hwindows.h">
      <Filter>Win32\include</Filter>
    </ClInclude>
    <ClInclude Include="app.h">
      <Filter>App\include</Filter>
    </ClInclude>
    <ClInclude Include="keyboard.h">
      <Filter>Input\include</Filter>
    </ClInclude>
    <ClInclude Include="mouse.h">
      <Filter>Input\include</Filter>
    </ClInclude>
  </ItemGroup>
  <ItemGroup>
    <None Include="README.md" />
  </ItemGroup>
  <ItemGroup>
    <Image Include="AppIcon.ico">
      <Filter>Resources</Filter>
    </Image>
  </ItemGroup>
  <ItemGroup>
    <ResourceCompile Include="resource.rc">
      <Filter>Resources</Filter>
    </ResourceCompile>
  </ItemGroup>
</Project>