<?xml version="1.0" encoding="utf-8"?>
<Project ToolsVersion="4.0" xmlns="http://schemas.microsoft.com/developer/msbuild/2003">
  <ItemGroup>
    <ClCompile Include="main.cpp" />
    <ClCompile Include="game_client.cpp">
      <Filter>Game</Filter>
    </ClCompile>
  </ItemGroup>
  <ItemGroup>
    <Filter Include="Game">
      <UniqueIdentifier>{18569b1f-5844-4871-af44-bfccd612eee0}</UniqueIdentifier>
    </Filter>
    <Filter Include="Network">
      <UniqueIdentifier>{f68fcd0d-eace-4886-a09b-67f3a22b9768}</UniqueIdentifier>
    </Filter>
  </ItemGroup>
  <ItemGroup>
    <ClInclude Include="game_client.h">
      <Filter>Game</Filter>
    </ClInclude>
    <ClInclude Include="common.h">
      <Filter>Network</Filter>
    </ClInclude>
  </ItemGroup>
</Project>